
Microsoft Visual Studio Solution File, Format Version 12.00
# Visual Studio Version 17
VisualStudioVersion = 17.4.33122.133
MinimumVisualStudioVersion = 10.0.40219.1
Project("{FAE04EC0-301F-11D3-BF4B-00C04F79EFBC}") = "Allspring.OMS.Api", "Allspring.OMS.Api\Allspring.OMS.Api.csproj", "{F02514B0-1D66-4359-AC39-69923E2FE920}"
EndProject
Global
	GlobalSection(SolutionConfigurationPlatforms) = preSolution
		Debug|Any CPU = Debug|Any CPU
		Release|Any CPU = Release|Any CPU
	EndGlobalSection
	GlobalSection(ProjectConfigurationPlatforms) = postSolution
		{F02514B0-1D66-4359-AC39-69923E2FE920}.Debug|Any CPU.ActiveCfg = Debug|Any CPU
		{F02514B0-1D66-4359-AC39-69923E2FE920}.Debug|Any CPU.Build.0 = Debug|Any CPU
		{F02514B0-1D66-4359-AC39-69923E2FE920}.Release|Any CPU.ActiveCfg = Release|Any CPU
		{F02514B0-1D66-4359-AC39-69923E2FE920}.Release|Any CPU.Build.0 = Release|Any CPU
	EndGlobalSection
	GlobalSection(SolutionProperties) = preSolution
		HideSolutionNode = FALSE
	EndGlobalSection
	GlobalSection(ExtensibilityGlobals) = postSolution
		SolutionGuid = {C224F4A7-6DB2-402D-9434-1BDA7999E615}
	EndGlobalSection
EndGlobal
